<?xml version="1.0" encoding="utf-8"?>
<Project ToolsVersion="4.0" xmlns="http://schemas.microsoft.com/developer/msbuild/2003">
  <ItemGroup>
    <ClCompile Include="..\srclib\encoding.c" />
    <ClCompile Include="..\srclib\bf.c" />
    <ClCompile Include="..\srclib\output.c" />
    <ClCompile Include="..\srclib\traverse.c" />
    <ClCompile Include="..\srclib\filehash.c" />
    <ClCompile Include="compiler.c" />
    <ClCompile Include="hc.c" />
    <ClCompile Include="..\srclib\lib.c" />
    <ClCompile Include="..\srclib\crc32.c">
      <Filter>hash</Filter>
    </ClCompile>
    <ClCompile Include="..\srclib\edonr.c">
      <Filter>hash</Filter>
    </ClCompile>
    <ClCompile Include="..\srclib\byte_order.c">
      <Filter>hash</Filter>
    </ClCompile>
    <ClCompile Include="..\srclib\gost.c">
      <Filter>hash</Filter>
    </ClCompile>
    <ClCompile Include="..\srclib\haval.c">
      <Filter>hash</Filter>
    </ClCompile>
    <ClCompile Include="..\srclib\haval_helper.c">
      <Filter>hash</Filter>
    </ClCompile>
    <ClCompile Include="..\srclib\md2.c">
      <Filter>hash</Filter>
    </ClCompile>
    <ClCompile Include="..\srclib\md4.c">
      <Filter>hash</Filter>
    </ClCompile>
    <ClCompile Include="..\srclib\md5.c">
      <Filter>hash</Filter>
    </ClCompile>
    <ClCompile Include="..\srclib\tiger.c">
      <Filter>hash</Filter>
    </ClCompile>
    <ClCompile Include="..\srclib\tiger_sbox.c">
      <Filter>hash</Filter>
    </ClCompile>
    <ClCompile Include="..\srclib\tth.c">
      <Filter>hash</Filter>
    </ClCompile>
    <ClCompile Include="..\srclib\whirlpool.c">
      <Filter>hash</Filter>
    </ClCompile>
    <ClCompile Include="..\srclib\snefru.c">
      <Filter>hash</Filter>
    </ClCompile>
    <ClCompile Include="..\srclib\sha3.c">
      <Filter>hash</Filter>
    </ClCompile>
    <ClCompile Include="..\srclib\sha2big.c">
      <Filter>hash</Filter>
    </ClCompile>
    <ClCompile Include="..\srclib\sha2.c">
      <Filter>hash</Filter>
    </ClCompile>
    <ClCompile Include="..\srclib\sha1.c">
      <Filter>hash</Filter>
    </ClCompile>
    <ClCompile Include="..\srclib\ripemd.c">
      <Filter>hash</Filter>
    </ClCompile>
    <ClCompile Include="..\srclib\rhash_tiger.c">
      <Filter>hash</Filter>
    </ClCompile>
    <ClCompile Include="..\srclib\dbg_helpers.c" />
    <ClCompile Include="..\linq2hash\hashes.c" />
    <ClCompile Include="..\linq2hash\backend.c" />
    <ClCompile Include="str.c">
      <Filter>builtin</Filter>
    </ClCompile>
    <ClCompile Include="builtin.c">
      <Filter>builtin</Filter>
    </ClCompile>
  </ItemGroup>
  <ItemGroup>
    <ClInclude Include="compiler.h" />
    <ClInclude Include="hc.h" />
    <ClInclude Include="..\srclib\types.h" />
    <ClInclude Include="resource.h" />
    <ClInclude Include="targetver.h" />
    <ClInclude Include="..\srclib\edonr.h">
      <Filter>hash</Filter>
    </ClInclude>
    <ClInclude Include="..\srclib\gost.h">
      <Filter>hash</Filter>
    </ClInclude>
    <ClInclude Include="..\srclib\tth.h">
      <Filter>hash</Filter>
    </ClInclude>
    <ClInclude Include="..\srclib\sph_tiger.h">
      <Filter>hash</Filter>
    </ClInclude>
    <ClInclude Include="..\srclib\sph_ripemd.h">
      <Filter>hash</Filter>
    </ClInclude>
    <ClInclude Include="..\srclib\sph_md2.h">
      <Filter>hash</Filter>
    </ClInclude>
    <ClInclude Include="..\srclib\sph_haval.h">
      <Filter>hash</Filter>
    </ClInclude>
    <ClInclude Include="..\srclib\snefru.h">
      <Filter>hash</Filter>
    </ClInclude>
    <ClInclude Include="..\srclib\sha3.h">
      <Filter>hash</Filter>
    </ClInclude>
    <ClInclude Include="..\linq2hash\hashes.h" />
    <ClInclude Include="..\srclib\filehash.h" />
    <ClInclude Include="str.h">
      <Filter>builtin</Filter>
    </ClInclude>
    <ClInclude Include="builtin.h">
      <Filter>builtin</Filter>
    </ClInclude>
  </ItemGroup>
  <ItemGroup>
    <ResourceCompile Include="hlinq.rc" />
  </ItemGroup>
  <ItemGroup>
    <Filter Include="hash">
      <UniqueIdentifier>{46b243c5-6c1b-4739-9953-95c77500c342}</UniqueIdentifier>
    </Filter>
    <Filter Include="builtin">
      <UniqueIdentifier>{199768c5-1aa5-4950-926f-b2a8320e30c7}</UniqueIdentifier>
    </Filter>
  </ItemGroup>
</Project>