
Microsoft Visual Studio Solution File, Format Version 11.00
# Visual Studio 2010
Project("{8BC9CEB8-8B4A-11D0-8D11-00A0C91BC942}") = "_tst", "_tst\_tst.vcxproj", "{73615E3D-B60F-494F-8C2D-7FD1951104A1}"
EndProject
Project("{8BC9CEB8-8B4A-11D0-8D11-00A0C91BC942}") = "md5", "md5\md5.vcxproj", "{0CDBFD97-51BE-4B91-8ECF-66128C2A4565}"
EndProject
Project("{8BC9CEB8-8B4A-11D0-8D11-00A0C91BC942}") = "sha1", "sha1\sha1.vcxproj", "{28441AD3-9CA3-4130-8A3C-F37358B290E4}"
EndProject
Project("{8BC9CEB8-8B4A-11D0-8D11-00A0C91BC942}") = "md4", "md4\md4.vcxproj", "{DBFBE34D-FA17-4625-ABA0-EDAFA62ECBC2}"
EndProject
Project("{8BC9CEB8-8B4A-11D0-8D11-00A0C91BC942}") = "sha256", "sha256\sha256.vcxproj", "{327B5712-E242-4AB1-8E0D-2F659243112F}"
EndProject
Project("{8BC9CEB8-8B4A-11D0-8D11-00A0C91BC942}") = "sha384", "sha384\sha384.vcxproj", "{C28C4A39-9FC9-41D5-A40E-49B74231B40C}"
EndProject
Project("{8BC9CEB8-8B4A-11D0-8D11-00A0C91BC942}") = "sha512", "sha512\sha512.vcxproj", "{DFF461FE-3ED1-4636-AAA6-8EC98DB38AD7}"
EndProject
Project("{8BC9CEB8-8B4A-11D0-8D11-00A0C91BC942}") = "whirlpool", "whirlpool\whirlpool.vcxproj", "{AC1217AC-40D7-4A5A-A56B-7AEBBA63CFE7}"
EndProject
Project("{FAE04EC0-301F-11D3-BF4B-00C04F79EFBC}") = "bf.gui", "bf.gui\bf.gui.csproj", "{F01DD121-5BB0-4B22-8E46-8E399F997D24}"
EndProject
Project("{FAE04EC0-301F-11D3-BF4B-00C04F79EFBC}") = "_tst.net", "_tst.net\_tst.net.csproj", "{C063DA5B-832F-42B0-82DC-0B197D99B65C}"
	ProjectSection(ProjectDependencies) = postProject
		{327B5712-E242-4AB1-8E0D-2F659243112F} = {327B5712-E242-4AB1-8E0D-2F659243112F}
		{C28C4A39-9FC9-41D5-A40E-49B74231B40C} = {C28C4A39-9FC9-41D5-A40E-49B74231B40C}
		{DBFBE34D-FA17-4625-ABA0-EDAFA62ECBC2} = {DBFBE34D-FA17-4625-ABA0-EDAFA62ECBC2}
		{0CDBFD97-51BE-4B91-8ECF-66128C2A4565} = {0CDBFD97-51BE-4B91-8ECF-66128C2A4565}
		{AC1217AC-40D7-4A5A-A56B-7AEBBA63CFE7} = {AC1217AC-40D7-4A5A-A56B-7AEBBA63CFE7}
		{28441AD3-9CA3-4130-8A3C-F37358B290E4} = {28441AD3-9CA3-4130-8A3C-F37358B290E4}
		{DFF461FE-3ED1-4636-AAA6-8EC98DB38AD7} = {DFF461FE-3ED1-4636-AAA6-8EC98DB38AD7}
	EndProjectSection
EndProject
Project("{2150E333-8FDC-42A3-9474-1A3956D46DE8}") = "SolutionItems", "SolutionItems", "{A7F9687D-FAE0-43A0-AF04-492F6507C5EF}"
	ProjectSection(SolutionItems) = preProject
		hc.xml = hc.xml
		reformat.bat = reformat.bat
		uncrustify.bat = uncrustify.bat
		uncrustify.cfg = uncrustify.cfg
	EndProjectSection
EndProject
Project("{FAE04EC0-301F-11D3-BF4B-00C04F79EFBC}") = "doc.gen", "doc.gen\doc.gen.csproj", "{2D1C92A4-01C9-4781-BAF5-549DF36A5F49}"
EndProject
Project("{8BC9CEB8-8B4A-11D0-8D11-00A0C91BC942}") = "crc32", "crc32\crc32.vcxproj", "{0F6785C8-9D23-4640-BF4C-27E8B7486F6B}"
EndProject
Project("{8BC9CEB8-8B4A-11D0-8D11-00A0C91BC942}") = "htpwdc", "htpwdc\htpwdc.vcxproj", "{C3495D03-9021-44F3-A795-59D2ED205D33}"
EndProject
Global
	GlobalSection(SolutionConfigurationPlatforms) = preSolution
		Debug|Any CPU = Debug|Any CPU
		Debug|Mixed Platforms = Debug|Mixed Platforms
		Debug|Win32 = Debug|Win32
		Debug|x64 = Debug|x64
		Debug|x86 = Debug|x86
		Release|Any CPU = Release|Any CPU
		Release|Mixed Platforms = Release|Mixed Platforms
		Release|Win32 = Release|Win32
		Release|x64 = Release|x64
		Release|x86 = Release|x86
	EndGlobalSection
	GlobalSection(ProjectConfigurationPlatforms) = postSolution
		{73615E3D-B60F-494F-8C2D-7FD1951104A1}.Debug|Any CPU.ActiveCfg = Debug|x64
		{73615E3D-B60F-494F-8C2D-7FD1951104A1}.Debug|Mixed Platforms.ActiveCfg = Debug|x64
		{73615E3D-B60F-494F-8C2D-7FD1951104A1}.Debug|Mixed Platforms.Build.0 = Debug|x64
		{73615E3D-B60F-494F-8C2D-7FD1951104A1}.Debug|Win32.ActiveCfg = Debug|Win32
		{73615E3D-B60F-494F-8C2D-7FD1951104A1}.Debug|Win32.Build.0 = Debug|Win32
		{73615E3D-B60F-494F-8C2D-7FD1951104A1}.Debug|x64.ActiveCfg = Debug|x64
		{73615E3D-B60F-494F-8C2D-7FD1951104A1}.Debug|x64.Build.0 = Debug|x64
		{73615E3D-B60F-494F-8C2D-7FD1951104A1}.Debug|x86.ActiveCfg = Debug|Win32
		{73615E3D-B60F-494F-8C2D-7FD1951104A1}.Debug|x86.Build.0 = Debug|Win32
		{73615E3D-B60F-494F-8C2D-7FD1951104A1}.Release|Any CPU.ActiveCfg = Release|x64
		{73615E3D-B60F-494F-8C2D-7FD1951104A1}.Release|Mixed Platforms.ActiveCfg = Release|x64
		{73615E3D-B60F-494F-8C2D-7FD1951104A1}.Release|Mixed Platforms.Build.0 = Release|x64
		{73615E3D-B60F-494F-8C2D-7FD1951104A1}.Release|Win32.ActiveCfg = Release|Win32
		{73615E3D-B60F-494F-8C2D-7FD1951104A1}.Release|Win32.Build.0 = Release|Win32
		{73615E3D-B60F-494F-8C2D-7FD1951104A1}.Release|x64.ActiveCfg = Release|x64
		{73615E3D-B60F-494F-8C2D-7FD1951104A1}.Release|x64.Build.0 = Release|x64
		{73615E3D-B60F-494F-8C2D-7FD1951104A1}.Release|x86.ActiveCfg = Release|x64
		{73615E3D-B60F-494F-8C2D-7FD1951104A1}.Release|x86.Build.0 = Release|x64
		{0CDBFD97-51BE-4B91-8ECF-66128C2A4565}.Debug|Any CPU.ActiveCfg = Debug|x64
		{0CDBFD97-51BE-4B91-8ECF-66128C2A4565}.Debug|Mixed Platforms.ActiveCfg = Debug|x64
		{0CDBFD97-51BE-4B91-8ECF-66128C2A4565}.Debug|Mixed Platforms.Build.0 = Debug|x64
		{0CDBFD97-51BE-4B91-8ECF-66128C2A4565}.Debug|Win32.ActiveCfg = Debug|Win32
		{0CDBFD97-51BE-4B91-8ECF-66128C2A4565}.Debug|Win32.Build.0 = Debug|Win32
		{0CDBFD97-51BE-4B91-8ECF-66128C2A4565}.Debug|x64.ActiveCfg = Debug|x64
		{0CDBFD97-51BE-4B91-8ECF-66128C2A4565}.Debug|x64.Build.0 = Debug|x64
		{0CDBFD97-51BE-4B91-8ECF-66128C2A4565}.Debug|x86.ActiveCfg = Debug|Win32
		{0CDBFD97-51BE-4B91-8ECF-66128C2A4565}.Debug|x86.Build.0 = Debug|Win32
		{0CDBFD97-51BE-4B91-8ECF-66128C2A4565}.Release|Any CPU.ActiveCfg = Release|x64
		{0CDBFD97-51BE-4B91-8ECF-66128C2A4565}.Release|Mixed Platforms.ActiveCfg = Release|x64
		{0CDBFD97-51BE-4B91-8ECF-66128C2A4565}.Release|Mixed Platforms.Build.0 = Release|x64
		{0CDBFD97-51BE-4B91-8ECF-66128C2A4565}.Release|Win32.ActiveCfg = Release|Win32
		{0CDBFD97-51BE-4B91-8ECF-66128C2A4565}.Release|Win32.Build.0 = Release|Win32
		{0CDBFD97-51BE-4B91-8ECF-66128C2A4565}.Release|x64.ActiveCfg = Release|x64
		{0CDBFD97-51BE-4B91-8ECF-66128C2A4565}.Release|x64.Build.0 = Release|x64
		{0CDBFD97-51BE-4B91-8ECF-66128C2A4565}.Release|x86.ActiveCfg = Release|x64
		{28441AD3-9CA3-4130-8A3C-F37358B290E4}.Debug|Any CPU.ActiveCfg = Debug|x64
		{28441AD3-9CA3-4130-8A3C-F37358B290E4}.Debug|Mixed Platforms.ActiveCfg = Debug|x64
		{28441AD3-9CA3-4130-8A3C-F37358B290E4}.Debug|Mixed Platforms.Build.0 = Debug|x64
		{28441AD3-9CA3-4130-8A3C-F37358B290E4}.Debug|Win32.ActiveCfg = Debug|Win32
		{28441AD3-9CA3-4130-8A3C-F37358B290E4}.Debug|Win32.Build.0 = Debug|Win32
		{28441AD3-9CA3-4130-8A3C-F37358B290E4}.Debug|x64.ActiveCfg = Debug|x64
		{28441AD3-9CA3-4130-8A3C-F37358B290E4}.Debug|x64.Build.0 = Debug|x64
		{28441AD3-9CA3-4130-8A3C-F37358B290E4}.Debug|x86.ActiveCfg = Debug|Win32
		{28441AD3-9CA3-4130-8A3C-F37358B290E4}.Debug|x86.Build.0 = Debug|Win32
		{28441AD3-9CA3-4130-8A3C-F37358B290E4}.Release|Any CPU.ActiveCfg = Release|x64
		{28441AD3-9CA3-4130-8A3C-F37358B290E4}.Release|Mixed Platforms.ActiveCfg = Release|x64
		{28441AD3-9CA3-4130-8A3C-F37358B290E4}.Release|Mixed Platforms.Build.0 = Release|x64
		{28441AD3-9CA3-4130-8A3C-F37358B290E4}.Release|Win32.ActiveCfg = Release|Win32
		{28441AD3-9CA3-4130-8A3C-F37358B290E4}.Release|Win32.Build.0 = Release|Win32
		{28441AD3-9CA3-4130-8A3C-F37358B290E4}.Release|x64.ActiveCfg = Release|x64
		{28441AD3-9CA3-4130-8A3C-F37358B290E4}.Release|x64.Build.0 = Release|x64
		{28441AD3-9CA3-4130-8A3C-F37358B290E4}.Release|x86.ActiveCfg = Release|x64
		{DBFBE34D-FA17-4625-ABA0-EDAFA62ECBC2}.Debug|Any CPU.ActiveCfg = Debug|x64
		{DBFBE34D-FA17-4625-ABA0-EDAFA62ECBC2}.Debug|Mixed Platforms.ActiveCfg = Debug|x64
		{DBFBE34D-FA17-4625-ABA0-EDAFA62ECBC2}.Debug|Mixed Platforms.Build.0 = Debug|x64
		{DBFBE34D-FA17-4625-ABA0-EDAFA62ECBC2}.Debug|Win32.ActiveCfg = Debug|Win32
		{DBFBE34D-FA17-4625-ABA0-EDAFA62ECBC2}.Debug|Win32.Build.0 = Debug|Win32
		{DBFBE34D-FA17-4625-ABA0-EDAFA62ECBC2}.Debug|x64.ActiveCfg = Debug|x64
		{DBFBE34D-FA17-4625-ABA0-EDAFA62ECBC2}.Debug|x64.Build.0 = Debug|x64
		{DBFBE34D-FA17-4625-ABA0-EDAFA62ECBC2}.Debug|x86.ActiveCfg = Debug|Win32
		{DBFBE34D-FA17-4625-ABA0-EDAFA62ECBC2}.Debug|x86.Build.0 = Debug|Win32
		{DBFBE34D-FA17-4625-ABA0-EDAFA62ECBC2}.Release|Any CPU.ActiveCfg = Release|x64
		{DBFBE34D-FA17-4625-ABA0-EDAFA62ECBC2}.Release|Mixed Platforms.ActiveCfg = Release|x64
		{DBFBE34D-FA17-4625-ABA0-EDAFA62ECBC2}.Release|Mixed Platforms.Build.0 = Release|x64
		{DBFBE34D-FA17-4625-ABA0-EDAFA62ECBC2}.Release|Win32.ActiveCfg = Release|Win32
		{DBFBE34D-FA17-4625-ABA0-EDAFA62ECBC2}.Release|Win32.Build.0 = Release|Win32
		{DBFBE34D-FA17-4625-ABA0-EDAFA62ECBC2}.Release|x64.ActiveCfg = Release|x64
		{DBFBE34D-FA17-4625-ABA0-EDAFA62ECBC2}.Release|x64.Build.0 = Release|x64
		{DBFBE34D-FA17-4625-ABA0-EDAFA62ECBC2}.Release|x86.ActiveCfg = Release|x64
		{327B5712-E242-4AB1-8E0D-2F659243112F}.Debug|Any CPU.ActiveCfg = Debug|x64
		{327B5712-E242-4AB1-8E0D-2F659243112F}.Debug|Mixed Platforms.ActiveCfg = Debug|x64
		{327B5712-E242-4AB1-8E0D-2F659243112F}.Debug|Mixed Platforms.Build.0 = Debug|x64
		{327B5712-E242-4AB1-8E0D-2F659243112F}.Debug|Win32.ActiveCfg = Debug|Win32
		{327B5712-E242-4AB1-8E0D-2F659243112F}.Debug|Win32.Build.0 = Debug|Win32
		{327B5712-E242-4AB1-8E0D-2F659243112F}.Debug|x64.ActiveCfg = Debug|x64
		{327B5712-E242-4AB1-8E0D-2F659243112F}.Debug|x64.Build.0 = Debug|x64
		{327B5712-E242-4AB1-8E0D-2F659243112F}.Debug|x86.ActiveCfg = Debug|Win32
		{327B5712-E242-4AB1-8E0D-2F659243112F}.Debug|x86.Build.0 = Debug|Win32
		{327B5712-E242-4AB1-8E0D-2F659243112F}.Release|Any CPU.ActiveCfg = Release|x64
		{327B5712-E242-4AB1-8E0D-2F659243112F}.Release|Mixed Platforms.ActiveCfg = Release|x64
		{327B5712-E242-4AB1-8E0D-2F659243112F}.Release|Mixed Platforms.Build.0 = Release|x64
		{327B5712-E242-4AB1-8E0D-2F659243112F}.Release|Win32.ActiveCfg = Release|Win32
		{327B5712-E242-4AB1-8E0D-2F659243112F}.Release|Win32.Build.0 = Release|Win32
		{327B5712-E242-4AB1-8E0D-2F659243112F}.Release|x64.ActiveCfg = Release|x64
		{327B5712-E242-4AB1-8E0D-2F659243112F}.Release|x64.Build.0 = Release|x64
		{327B5712-E242-4AB1-8E0D-2F659243112F}.Release|x86.ActiveCfg = Release|x64
		{C28C4A39-9FC9-41D5-A40E-49B74231B40C}.Debug|Any CPU.ActiveCfg = Debug|x64
		{C28C4A39-9FC9-41D5-A40E-49B74231B40C}.Debug|Mixed Platforms.ActiveCfg = Debug|x64
		{C28C4A39-9FC9-41D5-A40E-49B74231B40C}.Debug|Mixed Platforms.Build.0 = Debug|x64
		{C28C4A39-9FC9-41D5-A40E-49B74231B40C}.Debug|Win32.ActiveCfg = Debug|Win32
		{C28C4A39-9FC9-41D5-A40E-49B74231B40C}.Debug|Win32.Build.0 = Debug|Win32
		{C28C4A39-9FC9-41D5-A40E-49B74231B40C}.Debug|x64.ActiveCfg = Debug|x64
		{C28C4A39-9FC9-41D5-A40E-49B74231B40C}.Debug|x64.Build.0 = Debug|x64
		{C28C4A39-9FC9-41D5-A40E-49B74231B40C}.Debug|x86.ActiveCfg = Debug|Win32
		{C28C4A39-9FC9-41D5-A40E-49B74231B40C}.Debug|x86.Build.0 = Debug|Win32
		{C28C4A39-9FC9-41D5-A40E-49B74231B40C}.Release|Any CPU.ActiveCfg = Release|x64
		{C28C4A39-9FC9-41D5-A40E-49B74231B40C}.Release|Mixed Platforms.ActiveCfg = Release|x64
		{C28C4A39-9FC9-41D5-A40E-49B74231B40C}.Release|Mixed Platforms.Build.0 = Release|x64
		{C28C4A39-9FC9-41D5-A40E-49B74231B40C}.Release|Win32.ActiveCfg = Release|Win32
		{C28C4A39-9FC9-41D5-A40E-49B74231B40C}.Release|Win32.Build.0 = Release|Win32
		{C28C4A39-9FC9-41D5-A40E-49B74231B40C}.Release|x64.ActiveCfg = Release|x64
		{C28C4A39-9FC9-41D5-A40E-49B74231B40C}.Release|x64.Build.0 = Release|x64
		{C28C4A39-9FC9-41D5-A40E-49B74231B40C}.Release|x86.ActiveCfg = Release|x64
		{DFF461FE-3ED1-4636-AAA6-8EC98DB38AD7}.Debug|Any CPU.ActiveCfg = Debug|x64
		{DFF461FE-3ED1-4636-AAA6-8EC98DB38AD7}.Debug|Mixed Platforms.ActiveCfg = Debug|x64
		{DFF461FE-3ED1-4636-AAA6-8EC98DB38AD7}.Debug|Mixed Platforms.Build.0 = Debug|x64
		{DFF461FE-3ED1-4636-AAA6-8EC98DB38AD7}.Debug|Win32.ActiveCfg = Debug|Win32
		{DFF461FE-3ED1-4636-AAA6-8EC98DB38AD7}.Debug|Win32.Build.0 = Debug|Win32
		{DFF461FE-3ED1-4636-AAA6-8EC98DB38AD7}.Debug|x64.ActiveCfg = Debug|x64
		{DFF461FE-3ED1-4636-AAA6-8EC98DB38AD7}.Debug|x64.Build.0 = Debug|x64
		{DFF461FE-3ED1-4636-AAA6-8EC98DB38AD7}.Debug|x86.ActiveCfg = Debug|Win32
		{DFF461FE-3ED1-4636-AAA6-8EC98DB38AD7}.Debug|x86.Build.0 = Debug|Win32
		{DFF461FE-3ED1-4636-AAA6-8EC98DB38AD7}.Release|Any CPU.ActiveCfg = Release|x64
		{DFF461FE-3ED1-4636-AAA6-8EC98DB38AD7}.Release|Mixed Platforms.ActiveCfg = Release|x64
		{DFF461FE-3ED1-4636-AAA6-8EC98DB38AD7}.Release|Mixed Platforms.Build.0 = Release|x64
		{DFF461FE-3ED1-4636-AAA6-8EC98DB38AD7}.Release|Win32.ActiveCfg = Release|Win32
		{DFF461FE-3ED1-4636-AAA6-8EC98DB38AD7}.Release|Win32.Build.0 = Release|Win32
		{DFF461FE-3ED1-4636-AAA6-8EC98DB38AD7}.Release|x64.ActiveCfg = Release|x64
		{DFF461FE-3ED1-4636-AAA6-8EC98DB38AD7}.Release|x64.Build.0 = Release|x64
		{DFF461FE-3ED1-4636-AAA6-8EC98DB38AD7}.Release|x86.ActiveCfg = Release|x64
		{AC1217AC-40D7-4A5A-A56B-7AEBBA63CFE7}.Debug|Any CPU.ActiveCfg = Debug|x64
		{AC1217AC-40D7-4A5A-A56B-7AEBBA63CFE7}.Debug|Mixed Platforms.ActiveCfg = Debug|x64
		{AC1217AC-40D7-4A5A-A56B-7AEBBA63CFE7}.Debug|Mixed Platforms.Build.0 = Debug|x64
		{AC1217AC-40D7-4A5A-A56B-7AEBBA63CFE7}.Debug|Win32.ActiveCfg = Debug|Win32
		{AC1217AC-40D7-4A5A-A56B-7AEBBA63CFE7}.Debug|Win32.Build.0 = Debug|Win32
		{AC1217AC-40D7-4A5A-A56B-7AEBBA63CFE7}.Debug|x64.ActiveCfg = Debug|x64
		{AC1217AC-40D7-4A5A-A56B-7AEBBA63CFE7}.Debug|x64.Build.0 = Debug|x64
		{AC1217AC-40D7-4A5A-A56B-7AEBBA63CFE7}.Debug|x86.ActiveCfg = Debug|Win32
		{AC1217AC-40D7-4A5A-A56B-7AEBBA63CFE7}.Debug|x86.Build.0 = Debug|Win32
		{AC1217AC-40D7-4A5A-A56B-7AEBBA63CFE7}.Release|Any CPU.ActiveCfg = Release|x64
		{AC1217AC-40D7-4A5A-A56B-7AEBBA63CFE7}.Release|Mixed Platforms.ActiveCfg = Release|x64
		{AC1217AC-40D7-4A5A-A56B-7AEBBA63CFE7}.Release|Mixed Platforms.Build.0 = Release|x64
		{AC1217AC-40D7-4A5A-A56B-7AEBBA63CFE7}.Release|Win32.ActiveCfg = Release|Win32
		{AC1217AC-40D7-4A5A-A56B-7AEBBA63CFE7}.Release|Win32.Build.0 = Release|Win32
		{AC1217AC-40D7-4A5A-A56B-7AEBBA63CFE7}.Release|x64.ActiveCfg = Release|x64
		{AC1217AC-40D7-4A5A-A56B-7AEBBA63CFE7}.Release|x64.Build.0 = Release|x64
		{AC1217AC-40D7-4A5A-A56B-7AEBBA63CFE7}.Release|x86.ActiveCfg = Release|x64
		{F01DD121-5BB0-4B22-8E46-8E399F997D24}.Debug|Any CPU.ActiveCfg = Debug|x86
		{F01DD121-5BB0-4B22-8E46-8E399F997D24}.Debug|Any CPU.Build.0 = Debug|x86
		{F01DD121-5BB0-4B22-8E46-8E399F997D24}.Debug|Mixed Platforms.ActiveCfg = Debug|x86
		{F01DD121-5BB0-4B22-8E46-8E399F997D24}.Debug|Mixed Platforms.Build.0 = Debug|x86
		{F01DD121-5BB0-4B22-8E46-8E399F997D24}.Debug|Win32.ActiveCfg = Debug|x86
		{F01DD121-5BB0-4B22-8E46-8E399F997D24}.Debug|Win32.Build.0 = Debug|x86
		{F01DD121-5BB0-4B22-8E46-8E399F997D24}.Debug|x64.ActiveCfg = Debug|x86
		{F01DD121-5BB0-4B22-8E46-8E399F997D24}.Debug|x64.Build.0 = Debug|x86
		{F01DD121-5BB0-4B22-8E46-8E399F997D24}.Debug|x86.ActiveCfg = Debug|x86
		{F01DD121-5BB0-4B22-8E46-8E399F997D24}.Debug|x86.Build.0 = Debug|x86
		{F01DD121-5BB0-4B22-8E46-8E399F997D24}.Release|Any CPU.ActiveCfg = Release|x86
		{F01DD121-5BB0-4B22-8E46-8E399F997D24}.Release|Any CPU.Build.0 = Release|x86
		{F01DD121-5BB0-4B22-8E46-8E399F997D24}.Release|Mixed Platforms.ActiveCfg = Release|x86
		{F01DD121-5BB0-4B22-8E46-8E399F997D24}.Release|Mixed Platforms.Build.0 = Release|x86
		{F01DD121-5BB0-4B22-8E46-8E399F997D24}.Release|Win32.ActiveCfg = Release|x86
		{F01DD121-5BB0-4B22-8E46-8E399F997D24}.Release|Win32.Build.0 = Release|x86
		{F01DD121-5BB0-4B22-8E46-8E399F997D24}.Release|x64.ActiveCfg = Release|x86
		{F01DD121-5BB0-4B22-8E46-8E399F997D24}.Release|x64.Build.0 = Release|x86
		{F01DD121-5BB0-4B22-8E46-8E399F997D24}.Release|x86.ActiveCfg = Release|x86
		{F01DD121-5BB0-4B22-8E46-8E399F997D24}.Release|x86.Build.0 = Release|x86
		{C063DA5B-832F-42B0-82DC-0B197D99B65C}.Debug|Any CPU.ActiveCfg = Debug|Any CPU
		{C063DA5B-832F-42B0-82DC-0B197D99B65C}.Debug|Any CPU.Build.0 = Debug|Any CPU
		{C063DA5B-832F-42B0-82DC-0B197D99B65C}.Debug|Mixed Platforms.ActiveCfg = Debug|Any CPU
		{C063DA5B-832F-42B0-82DC-0B197D99B65C}.Debug|Mixed Platforms.Build.0 = Debug|Any CPU
		{C063DA5B-832F-42B0-82DC-0B197D99B65C}.Debug|Win32.ActiveCfg = Debug|Any CPU
		{C063DA5B-832F-42B0-82DC-0B197D99B65C}.Debug|Win32.Build.0 = Debug|Any CPU
		{C063DA5B-832F-42B0-82DC-0B197D99B65C}.Debug|x64.ActiveCfg = Debug|Any CPU
		{C063DA5B-832F-42B0-82DC-0B197D99B65C}.Debug|x64.Build.0 = Debug|Any CPU
		{C063DA5B-832F-42B0-82DC-0B197D99B65C}.Debug|x86.ActiveCfg = Debug|Any CPU
		{C063DA5B-832F-42B0-82DC-0B197D99B65C}.Debug|x86.Build.0 = Debug|Any CPU
		{C063DA5B-832F-42B0-82DC-0B197D99B65C}.Release|Any CPU.ActiveCfg = Release|Any CPU
		{C063DA5B-832F-42B0-82DC-0B197D99B65C}.Release|Any CPU.Build.0 = Release|Any CPU
		{C063DA5B-832F-42B0-82DC-0B197D99B65C}.Release|Mixed Platforms.ActiveCfg = Release|Any CPU
		{C063DA5B-832F-42B0-82DC-0B197D99B65C}.Release|Mixed Platforms.Build.0 = Release|Any CPU
		{C063DA5B-832F-42B0-82DC-0B197D99B65C}.Release|Win32.ActiveCfg = Release|Any CPU
		{C063DA5B-832F-42B0-82DC-0B197D99B65C}.Release|Win32.Build.0 = Release|Any CPU
		{C063DA5B-832F-42B0-82DC-0B197D99B65C}.Release|x64.ActiveCfg = Release|Any CPU
		{C063DA5B-832F-42B0-82DC-0B197D99B65C}.Release|x64.Build.0 = Release|Any CPU
		{C063DA5B-832F-42B0-82DC-0B197D99B65C}.Release|x86.ActiveCfg = Release|Any CPU
		{C063DA5B-832F-42B0-82DC-0B197D99B65C}.Release|x86.Build.0 = Release|Any CPU
		{2D1C92A4-01C9-4781-BAF5-549DF36A5F49}.Debug|Any CPU.ActiveCfg = Debug|x86
		{2D1C92A4-01C9-4781-BAF5-549DF36A5F49}.Debug|Any CPU.Build.0 = Debug|x86
		{2D1C92A4-01C9-4781-BAF5-549DF36A5F49}.Debug|Mixed Platforms.ActiveCfg = Debug|x86
		{2D1C92A4-01C9-4781-BAF5-549DF36A5F49}.Debug|Mixed Platforms.Build.0 = Debug|x86
		{2D1C92A4-01C9-4781-BAF5-549DF36A5F49}.Debug|Win32.ActiveCfg = Debug|x86
		{2D1C92A4-01C9-4781-BAF5-549DF36A5F49}.Debug|Win32.Build.0 = Debug|x86
		{2D1C92A4-01C9-4781-BAF5-549DF36A5F49}.Debug|x64.ActiveCfg = Debug|x86
		{2D1C92A4-01C9-4781-BAF5-549DF36A5F49}.Debug|x64.Build.0 = Debug|x86
		{2D1C92A4-01C9-4781-BAF5-549DF36A5F49}.Debug|x86.ActiveCfg = Debug|x86
		{2D1C92A4-01C9-4781-BAF5-549DF36A5F49}.Debug|x86.Build.0 = Debug|x86
		{2D1C92A4-01C9-4781-BAF5-549DF36A5F49}.Release|Any CPU.ActiveCfg = Release|x86
		{2D1C92A4-01C9-4781-BAF5-549DF36A5F49}.Release|Any CPU.Build.0 = Release|x86
		{2D1C92A4-01C9-4781-BAF5-549DF36A5F49}.Release|Mixed Platforms.ActiveCfg = Release|x86
		{2D1C92A4-01C9-4781-BAF5-549DF36A5F49}.Release|Mixed Platforms.Build.0 = Release|x86
		{2D1C92A4-01C9-4781-BAF5-549DF36A5F49}.Release|Win32.ActiveCfg = Release|x86
		{2D1C92A4-01C9-4781-BAF5-549DF36A5F49}.Release|Win32.Build.0 = Release|x86
		{2D1C92A4-01C9-4781-BAF5-549DF36A5F49}.Release|x64.ActiveCfg = Release|x86
		{2D1C92A4-01C9-4781-BAF5-549DF36A5F49}.Release|x64.Build.0 = Release|x86
		{2D1C92A4-01C9-4781-BAF5-549DF36A5F49}.Release|x86.ActiveCfg = Release|x86
		{2D1C92A4-01C9-4781-BAF5-549DF36A5F49}.Release|x86.Build.0 = Release|x86
		{0F6785C8-9D23-4640-BF4C-27E8B7486F6B}.Debug|Any CPU.ActiveCfg = Debug|x64
		{0F6785C8-9D23-4640-BF4C-27E8B7486F6B}.Debug|Mixed Platforms.ActiveCfg = Debug|x64
		{0F6785C8-9D23-4640-BF4C-27E8B7486F6B}.Debug|Mixed Platforms.Build.0 = Debug|x64
		{0F6785C8-9D23-4640-BF4C-27E8B7486F6B}.Debug|Win32.ActiveCfg = Debug|Win32
		{0F6785C8-9D23-4640-BF4C-27E8B7486F6B}.Debug|Win32.Build.0 = Debug|Win32
		{0F6785C8-9D23-4640-BF4C-27E8B7486F6B}.Debug|x64.ActiveCfg = Debug|x64
		{0F6785C8-9D23-4640-BF4C-27E8B7486F6B}.Debug|x64.Build.0 = Debug|x64
		{0F6785C8-9D23-4640-BF4C-27E8B7486F6B}.Debug|x86.ActiveCfg = Debug|x64
		{0F6785C8-9D23-4640-BF4C-27E8B7486F6B}.Release|Any CPU.ActiveCfg = Release|x64
		{0F6785C8-9D23-4640-BF4C-27E8B7486F6B}.Release|Mixed Platforms.ActiveCfg = Release|x64
		{0F6785C8-9D23-4640-BF4C-27E8B7486F6B}.Release|Mixed Platforms.Build.0 = Release|x64
		{0F6785C8-9D23-4640-BF4C-27E8B7486F6B}.Release|Win32.ActiveCfg = Release|Win32
		{0F6785C8-9D23-4640-BF4C-27E8B7486F6B}.Release|Win32.Build.0 = Release|Win32
		{0F6785C8-9D23-4640-BF4C-27E8B7486F6B}.Release|x64.ActiveCfg = Release|x64
		{0F6785C8-9D23-4640-BF4C-27E8B7486F6B}.Release|x64.Build.0 = Release|x64
		{0F6785C8-9D23-4640-BF4C-27E8B7486F6B}.Release|x86.ActiveCfg = Release|x64
		{C3495D03-9021-44F3-A795-59D2ED205D33}.Debug|Any CPU.ActiveCfg = Debug|x64
		{C3495D03-9021-44F3-A795-59D2ED205D33}.Debug|Mixed Platforms.ActiveCfg = Debug|x64
		{C3495D03-9021-44F3-A795-59D2ED205D33}.Debug|Mixed Platforms.Build.0 = Debug|x64
		{C3495D03-9021-44F3-A795-59D2ED205D33}.Debug|Win32.ActiveCfg = Debug|Win32
		{C3495D03-9021-44F3-A795-59D2ED205D33}.Debug|Win32.Build.0 = Debug|Win32
		{C3495D03-9021-44F3-A795-59D2ED205D33}.Debug|x64.ActiveCfg = Debug|x64
		{C3495D03-9021-44F3-A795-59D2ED205D33}.Debug|x64.Build.0 = Debug|x64
		{C3495D03-9021-44F3-A795-59D2ED205D33}.Debug|x86.ActiveCfg = Debug|x64
		{C3495D03-9021-44F3-A795-59D2ED205D33}.Release|Any CPU.ActiveCfg = Release|x64
		{C3495D03-9021-44F3-A795-59D2ED205D33}.Release|Mixed Platforms.ActiveCfg = Release|x64
		{C3495D03-9021-44F3-A795-59D2ED205D33}.Release|Mixed Platforms.Build.0 = Release|x64
		{C3495D03-9021-44F3-A795-59D2ED205D33}.Release|Win32.ActiveCfg = Release|Win32
		{C3495D03-9021-44F3-A795-59D2ED205D33}.Release|Win32.Build.0 = Release|Win32
		{C3495D03-9021-44F3-A795-59D2ED205D33}.Release|x64.ActiveCfg = Release|x64
		{C3495D03-9021-44F3-A795-59D2ED205D33}.Release|x64.Build.0 = Release|x64
		{C3495D03-9021-44F3-A795-59D2ED205D33}.Release|x86.ActiveCfg = Release|x64
	EndGlobalSection
	GlobalSection(SolutionProperties) = preSolution
		HideSolutionNode = FALSE
	EndGlobalSection
	GlobalSection(ExtensibilityGlobals) = postSolution
		VisualSVNWorkingCopyRoot = .
	EndGlobalSection
EndGlobal
